
Microsoft Visual Studio Solution File, Format Version 12.00
# Visual Studio 14
VisualStudioVersion = 14.0.25123.0
MinimumVisualStudioVersion = 10.0.40219.1
Project("{FAE04EC0-301F-11D3-BF4B-00C04F79EFBC}") = "Jonas Sage Importer", "Jonas Sage Importer.csproj", "{05C38A1E-B95A-4630-B370-95FEE682761B}"
EndProject
Project("{6141683F-8A12-4E36-9623-2EB02B2C2303}") = "Setup1", "..\Setup1\Setup1.isproj", "{7F7A8F66-C14F-4862-A81B-A875F29A3FD9}"
	ProjectSection(ProjectDependencies) = postProject
		{05C38A1E-B95A-4630-B370-95FEE682761B} = {05C38A1E-B95A-4630-B370-95FEE682761B}
	EndProjectSection
EndProject
Project("{FAE04EC0-301F-11D3-BF4B-00C04F79EFBC}") = "BL_JonasSageImporter", "..\BL_JonasSageImporter\BL_JonasSageImporter.csproj", "{1205B7D6-E6F0-4FA4-8344-13F73B2674FE}"
EndProject
Global
	GlobalSection(SolutionConfigurationPlatforms) = preSolution
		CD_ROM|Any CPU = CD_ROM|Any CPU
		CD_ROM|x86 = CD_ROM|x86
		Debug|Any CPU = Debug|Any CPU
		Debug|x86 = Debug|x86
		DVD-5|Any CPU = DVD-5|Any CPU
		DVD-5|x86 = DVD-5|x86
		Release|Any CPU = Release|Any CPU
		Release|x86 = Release|x86
		SingleImage|Any CPU = SingleImage|Any CPU
		SingleImage|x86 = SingleImage|x86
	EndGlobalSection
	GlobalSection(ProjectConfigurationPlatforms) = postSolution
		{05C38A1E-B95A-4630-B370-95FEE682761B}.CD_ROM|Any CPU.ActiveCfg = Release|Any CPU
		{05C38A1E-B95A-4630-B370-95FEE682761B}.CD_ROM|Any CPU.Build.0 = Release|Any CPU
		{05C38A1E-B95A-4630-B370-95FEE682761B}.CD_ROM|x86.ActiveCfg = Release|x86
		{05C38A1E-B95A-4630-B370-95FEE682761B}.CD_ROM|x86.Build.0 = Release|x86
		{05C38A1E-B95A-4630-B370-95FEE682761B}.Debug|Any CPU.ActiveCfg = Debug|x86
		{05C38A1E-B95A-4630-B370-95FEE682761B}.Debug|Any CPU.Build.0 = Debug|x86
		{05C38A1E-B95A-4630-B370-95FEE682761B}.Debug|x86.ActiveCfg = Debug|x86
		{05C38A1E-B95A-4630-B370-95FEE682761B}.Debug|x86.Build.0 = Debug|x86
		{05C38A1E-B95A-4630-B370-95FEE682761B}.DVD-5|Any CPU.ActiveCfg = Debug|Any CPU
		{05C38A1E-B95A-4630-B370-95FEE682761B}.DVD-5|Any CPU.Build.0 = Debug|Any CPU
		{05C38A1E-B95A-4630-B370-95FEE682761B}.DVD-5|x86.ActiveCfg = Debug|x86
		{05C38A1E-B95A-4630-B370-95FEE682761B}.DVD-5|x86.Build.0 = Debug|x86
		{05C38A1E-B95A-4630-B370-95FEE682761B}.Release|Any CPU.ActiveCfg = Release|Any CPU
		{05C38A1E-B95A-4630-B370-95FEE682761B}.Release|Any CPU.Build.0 = Release|Any CPU
		{05C38A1E-B95A-4630-B370-95FEE682761B}.Release|x86.ActiveCfg = Release|x86
		{05C38A1E-B95A-4630-B370-95FEE682761B}.Release|x86.Build.0 = Release|x86
		{05C38A1E-B95A-4630-B370-95FEE682761B}.SingleImage|Any CPU.ActiveCfg = Release|Any CPU
		{05C38A1E-B95A-4630-B370-95FEE682761B}.SingleImage|Any CPU.Build.0 = Release|Any CPU
		{05C38A1E-B95A-4630-B370-95FEE682761B}.SingleImage|x86.ActiveCfg = Release|x86
		{05C38A1E-B95A-4630-B370-95FEE682761B}.SingleImage|x86.Build.0 = Release|x86
		{7F7A8F66-C14F-4862-A81B-A875F29A3FD9}.CD_ROM|Any CPU.ActiveCfg = CD_ROM
		{7F7A8F66-C14F-4862-A81B-A875F29A3FD9}.CD_ROM|Any CPU.Build.0 = CD_ROM
		{7F7A8F66-C14F-4862-A81B-A875F29A3FD9}.CD_ROM|x86.ActiveCfg = CD_ROM
		{7F7A8F66-C14F-4862-A81B-A875F29A3FD9}.CD_ROM|x86.Build.0 = CD_ROM
		{7F7A8F66-C14F-4862-A81B-A875F29A3FD9}.Debug|Any CPU.ActiveCfg = SingleImage
		{7F7A8F66-C14F-4862-A81B-A875F29A3FD9}.Debug|Any CPU.Build.0 = SingleImage
		{7F7A8F66-C14F-4862-A81B-A875F29A3FD9}.Debug|x86.ActiveCfg = DVD-5
		{7F7A8F66-C14F-4862-A81B-A875F29A3FD9}.Debug|x86.Build.0 = DVD-5
		{7F7A8F66-C14F-4862-A81B-A875F29A3FD9}.DVD-5|Any CPU.ActiveCfg = DVD-5
		{7F7A8F66-C14F-4862-A81B-A875F29A3FD9}.DVD-5|Any CPU.Build.0 = DVD-5
		{7F7A8F66-C14F-4862-A81B-A875F29A3FD9}.DVD-5|x86.ActiveCfg = DVD-5
		{7F7A8F66-C14F-4862-A81B-A875F29A3FD9}.DVD-5|x86.Build.0 = DVD-5
		{7F7A8F66-C14F-4862-A81B-A875F29A3FD9}.Release|Any CPU.ActiveCfg = SingleImage
		{7F7A8F66-C14F-4862-A81B-A875F29A3FD9}.Release|Any CPU.Build.0 = SingleImage
		{7F7A8F66-C14F-4862-A81B-A875F29A3FD9}.Release|x86.ActiveCfg = SingleImage
		{7F7A8F66-C14F-4862-A81B-A875F29A3FD9}.Release|x86.Build.0 = SingleImage
		{7F7A8F66-C14F-4862-A81B-A875F29A3FD9}.SingleImage|Any CPU.ActiveCfg = SingleImage
		{7F7A8F66-C14F-4862-A81B-A875F29A3FD9}.SingleImage|Any CPU.Build.0 = SingleImage
		{7F7A8F66-C14F-4862-A81B-A875F29A3FD9}.SingleImage|x86.ActiveCfg = SingleImage
		{7F7A8F66-C14F-4862-A81B-A875F29A3FD9}.SingleImage|x86.Build.0 = SingleImage
		{1205B7D6-E6F0-4FA4-8344-13F73B2674FE}.CD_ROM|Any CPU.ActiveCfg = Release|Any CPU
		{1205B7D6-E6F0-4FA4-8344-13F73B2674FE}.CD_ROM|Any CPU.Build.0 = Release|Any CPU
		{1205B7D6-E6F0-4FA4-8344-13F73B2674FE}.CD_ROM|x86.ActiveCfg = Release|Any CPU
		{1205B7D6-E6F0-4FA4-8344-13F73B2674FE}.CD_ROM|x86.Build.0 = Release|Any CPU
		{1205B7D6-E6F0-4FA4-8344-13F73B2674FE}.Debug|Any CPU.ActiveCfg = Debug|Any CPU
		{1205B7D6-E6F0-4FA4-8344-13F73B2674FE}.Debug|Any CPU.Build.0 = Debug|Any CPU
		{1205B7D6-E6F0-4FA4-8344-13F73B2674FE}.Debug|x86.ActiveCfg = Debug|Any CPU
		{1205B7D6-E6F0-4FA4-8344-13F73B2674FE}.Debug|x86.Build.0 = Debug|Any CPU
		{1205B7D6-E6F0-4FA4-8344-13F73B2674FE}.DVD-5|Any CPU.ActiveCfg = Debug|Any CPU
		{1205B7D6-E6F0-4FA4-8344-13F73B2674FE}.DVD-5|Any CPU.Build.0 = Debug|Any CPU
		{1205B7D6-E6F0-4FA4-8344-13F73B2674FE}.DVD-5|x86.ActiveCfg = Debug|Any CPU
		{1205B7D6-E6F0-4FA4-8344-13F73B2674FE}.DVD-5|x86.Build.0 = Debug|Any CPU
		{1205B7D6-E6F0-4FA4-8344-13F73B2674FE}.Release|Any CPU.ActiveCfg = Release|Any CPU
		{1205B7D6-E6F0-4FA4-8344-13F73B2674FE}.Release|Any CPU.Build.0 = Release|Any CPU
		{1205B7D6-E6F0-4FA4-8344-13F73B2674FE}.Release|x86.ActiveCfg = Release|Any CPU
		{1205B7D6-E6F0-4FA4-8344-13F73B2674FE}.Release|x86.Build.0 = Release|Any CPU
		{1205B7D6-E6F0-4FA4-8344-13F73B2674FE}.SingleImage|Any CPU.ActiveCfg = Release|Any CPU
		{1205B7D6-E6F0-4FA4-8344-13F73B2674FE}.SingleImage|Any CPU.Build.0 = Release|Any CPU
		{1205B7D6-E6F0-4FA4-8344-13F73B2674FE}.SingleImage|x86.ActiveCfg = Release|Any CPU
		{1205B7D6-E6F0-4FA4-8344-13F73B2674FE}.SingleImage|x86.Build.0 = Release|Any CPU
	EndGlobalSection
	GlobalSection(SolutionProperties) = preSolution
		HideSolutionNode = FALSE
	EndGlobalSection
EndGlobal
